
Microsoft Visual Studio Solution File, Format Version 12.00
# Visual Studio Version 17
VisualStudioVersion = 17.1.32328.378
MinimumVisualStudioVersion = 10.0.40219.1
Project("{FAE04EC0-301F-11D3-BF4B-00C04F79EFBC}") = "TesteVolvo", "TesteVolvo\TesteVolvo.csproj", "{3D99DF67-4BB4-4FD2-AF25-917F84B4A3EB}"
EndProject
Project("{FAE04EC0-301F-11D3-BF4B-00C04F79EFBC}") = "TesteVolvoTestProject", "TesteVolvoTestProject\TesteVolvoTestProject.csproj", "{D3B44085-32A9-4D8E-8352-A01C4CAA887D}"
EndProject
Global
	GlobalSection(SolutionConfigurationPlatforms) = preSolution
		Debug|Any CPU = Debug|Any CPU
		Release|Any CPU = Release|Any CPU
	EndGlobalSection
	GlobalSection(ProjectConfigurationPlatforms) = postSolution
		{3D99DF67-4BB4-4FD2-AF25-917F84B4A3EB}.Debug|Any CPU.ActiveCfg = Debug|Any CPU
		{3D99DF67-4BB4-4FD2-AF25-917F84B4A3EB}.Debug|Any CPU.Build.0 = Debug|Any CPU
		{3D99DF67-4BB4-4FD2-AF25-917F84B4A3EB}.Release|Any CPU.ActiveCfg = Release|Any CPU
		{3D99DF67-4BB4-4FD2-AF25-917F84B4A3EB}.Release|Any CPU.Build.0 = Release|Any CPU
		{D3B44085-32A9-4D8E-8352-A01C4CAA887D}.Debug|Any CPU.ActiveCfg = Debug|Any CPU
		{D3B44085-32A9-4D8E-8352-A01C4CAA887D}.Debug|Any CPU.Build.0 = Debug|Any CPU
		{D3B44085-32A9-4D8E-8352-A01C4CAA887D}.Release|Any CPU.ActiveCfg = Release|Any CPU
		{D3B44085-32A9-4D8E-8352-A01C4CAA887D}.Release|Any CPU.Build.0 = Release|Any CPU
	EndGlobalSection
	GlobalSection(SolutionProperties) = preSolution
		HideSolutionNode = FALSE
	EndGlobalSection
	GlobalSection(ExtensibilityGlobals) = postSolution
		SolutionGuid = {89EA002B-FF8C-4398-86CF-7D6CA42ECD4B}
	EndGlobalSection
EndGlobal
